// !$*UTF8*$!
{
	archiveVersion = 1;
	classes = {
	};
	objectVersion = 56;
	objects = {

/* Begin PBXBuildFile section */
		D487C7102A87364700E898D9 /* ResumeApp.swift in Sources */ = {isa = PBXBuildFile; fileRef = D487C70F2A87364700E898D9 /* ResumeApp.swift */; };
		D487C7122A87364700E898D9 /* ContentView.swift in Sources */ = {isa = PBXBuildFile; fileRef = D487C7112A87364700E898D9 /* ContentView.swift */; };
		D487C7142A87364800E898D9 /* Assets.xcassets in Resources */ = {isa = PBXBuildFile; fileRef = D487C7132A87364800E898D9 /* Assets.xcassets */; };
		D487C7172A87364800E898D9 /* Preview Assets.xcassets in Resources */ = {isa = PBXBuildFile; fileRef = D487C7162A87364800E898D9 /* Preview Assets.xcassets */; };
		D487C7212A87364800E898D9 /* ResumeTests.swift in Sources */ = {isa = PBXBuildFile; fileRef = D487C7202A87364800E898D9 /* ResumeTests.swift */; };
		D487C72B2A87364800E898D9 /* ResumeUITests.swift in Sources */ = {isa = PBXBuildFile; fileRef = D487C72A2A87364800E898D9 /* ResumeUITests.swift */; };
		D487C72D2A87364800E898D9 /* ResumeUITestsLaunchTests.swift in Sources */ = {isa = PBXBuildFile; fileRef = D487C72C2A87364800E898D9 /* ResumeUITestsLaunchTests.swift */; };
		D487C73A2A87372C00E898D9 /* HomeView.swift in Sources */ = {isa = PBXBuildFile; fileRef = D487C7392A87372C00E898D9 /* HomeView.swift */; };
		D487C73C2A87380C00E898D9 /* ResumeModal.swift in Sources */ = {isa = PBXBuildFile; fileRef = D487C73B2A87380C00E898D9 /* ResumeModal.swift */; };
		D487C73E2A87390800E898D9 /* Router.swift in Sources */ = {isa = PBXBuildFile; fileRef = D487C73D2A87390800E898D9 /* Router.swift */; };
		D487C7402A873A1C00E898D9 /* resume.json in Resources */ = {isa = PBXBuildFile; fileRef = D487C73F2A873A1C00E898D9 /* resume.json */; };
		D487C7422A895E3E00E898D9 /* ResumeViewModel.swift in Sources */ = {isa = PBXBuildFile; fileRef = D487C7412A895E3E00E898D9 /* ResumeViewModel.swift */; };
		D487C7442A897B1E00E898D9 /* Utilities.swift in Sources */ = {isa = PBXBuildFile; fileRef = D487C7432A897B1E00E898D9 /* Utilities.swift */; };
/* End PBXBuildFile section */

/* Begin PBXContainerItemProxy section */
		D487C71D2A87364800E898D9 /* PBXContainerItemProxy */ = {
			isa = PBXContainerItemProxy;
			containerPortal = D487C7042A87364700E898D9 /* Project object */;
			proxyType = 1;
			remoteGlobalIDString = D487C70B2A87364700E898D9;
			remoteInfo = Resume;
		};
		D487C7272A87364800E898D9 /* PBXContainerItemProxy */ = {
			isa = PBXContainerItemProxy;
			containerPortal = D487C7042A87364700E898D9 /* Project object */;
			proxyType = 1;
			remoteGlobalIDString = D487C70B2A87364700E898D9;
			remoteInfo = Resume;
		};
/* End PBXContainerItemProxy section */

/* Begin PBXFileReference section */
		D487C70C2A87364700E898D9 /* Resume.app */ = {isa = PBXFileReference; explicitFileType = wrapper.application; includeInIndex = 0; path = Resume.app; sourceTree = BUILT_PRODUCTS_DIR; };
		D487C70F2A87364700E898D9 /* ResumeApp.swift */ = {isa = PBXFileReference; lastKnownFileType = sourcecode.swift; path = ResumeApp.swift; sourceTree = "<group>"; };
		D487C7112A87364700E898D9 /* ContentView.swift */ = {isa = PBXFileReference; lastKnownFileType = sourcecode.swift; path = ContentView.swift; sourceTree = "<group>"; };
		D487C7132A87364800E898D9 /* Assets.xcassets */ = {isa = PBXFileReference; lastKnownFileType = folder.assetcatalog; path = Assets.xcassets; sourceTree = "<group>"; };
		D487C7162A87364800E898D9 /* Preview Assets.xcassets */ = {isa = PBXFileReference; lastKnownFileType = folder.assetcatalog; path = "Preview Assets.xcassets"; sourceTree = "<group>"; };
		D487C71C2A87364800E898D9 /* ResumeTests.xctest */ = {isa = PBXFileReference; explicitFileType = wrapper.cfbundle; includeInIndex = 0; path = ResumeTests.xctest; sourceTree = BUILT_PRODUCTS_DIR; };
		D487C7202A87364800E898D9 /* ResumeTests.swift */ = {isa = PBXFileReference; lastKnownFileType = sourcecode.swift; path = ResumeTests.swift; sourceTree = "<group>"; };
		D487C7262A87364800E898D9 /* ResumeUITests.xctest */ = {isa = PBXFileReference; explicitFileType = wrapper.cfbundle; includeInIndex = 0; path = ResumeUITests.xctest; sourceTree = BUILT_PRODUCTS_DIR; };
		D487C72A2A87364800E898D9 /* ResumeUITests.swift */ = {isa = PBXFileReference; lastKnownFileType = sourcecode.swift; path = ResumeUITests.swift; sourceTree = "<group>"; };
		D487C72C2A87364800E898D9 /* ResumeUITestsLaunchTests.swift */ = {isa = PBXFileReference; lastKnownFileType = sourcecode.swift; path = ResumeUITestsLaunchTests.swift; sourceTree = "<group>"; };
		D487C7392A87372C00E898D9 /* HomeView.swift */ = {isa = PBXFileReference; lastKnownFileType = sourcecode.swift; path = HomeView.swift; sourceTree = "<group>"; };
		D487C73B2A87380C00E898D9 /* ResumeModal.swift */ = {isa = PBXFileReference; lastKnownFileType = sourcecode.swift; path = ResumeModal.swift; sourceTree = "<group>"; };
		D487C73D2A87390800E898D9 /* Router.swift */ = {isa = PBXFileReference; lastKnownFileType = sourcecode.swift; path = Router.swift; sourceTree = "<group>"; };
		D487C73F2A873A1C00E898D9 /* resume.json */ = {isa = PBXFileReference; fileEncoding = 4; lastKnownFileType = text.json; path = resume.json; sourceTree = "<group>"; };
		D487C7412A895E3E00E898D9 /* ResumeViewModel.swift */ = {isa = PBXFileReference; lastKnownFileType = sourcecode.swift; path = ResumeViewModel.swift; sourceTree = "<group>"; };
		D487C7432A897B1E00E898D9 /* Utilities.swift */ = {isa = PBXFileReference; lastKnownFileType = sourcecode.swift; path = Utilities.swift; sourceTree = "<group>"; };
/* End PBXFileReference section */

/* Begin PBXFrameworksBuildPhase section */
		D487C7092A87364700E898D9 /* Frameworks */ = {
			isa = PBXFrameworksBuildPhase;
			buildActionMask = 2147483647;
			files = (
			);
			runOnlyForDeploymentPostprocessing = 0;
		};
		D487C7192A87364800E898D9 /* Frameworks */ = {
			isa = PBXFrameworksBuildPhase;
			buildActionMask = 2147483647;
			files = (
			);
			runOnlyForDeploymentPostprocessing = 0;
		};
		D487C7232A87364800E898D9 /* Frameworks */ = {
			isa = PBXFrameworksBuildPhase;
			buildActionMask = 2147483647;
			files = (
			);
			runOnlyForDeploymentPostprocessing = 0;
		};
/* End PBXFrameworksBuildPhase section */

/* Begin PBXGroup section */
		D487C7032A87364700E898D9 = {
			isa = PBXGroup;
			children = (
				D487C70E2A87364700E898D9 /* Resume */,
				D487C71F2A87364800E898D9 /* ResumeTests */,
				D487C7292A87364800E898D9 /* ResumeUITests */,
				D487C70D2A87364700E898D9 /* Products */,
			);
			sourceTree = "<group>";
		};
		D487C70D2A87364700E898D9 /* Products */ = {
			isa = PBXGroup;
			children = (
				D487C70C2A87364700E898D9 /* Resume.app */,
				D487C71C2A87364800E898D9 /* ResumeTests.xctest */,
				D487C7262A87364800E898D9 /* ResumeUITests.xctest */,
			);
			name = Products;
			sourceTree = "<group>";
		};
		D487C70E2A87364700E898D9 /* Resume */ = {
			isa = PBXGroup;
			children = (
				D487C70F2A87364700E898D9 /* ResumeApp.swift */,
				D487C7112A87364700E898D9 /* ContentView.swift */,
				D487C7392A87372C00E898D9 /* HomeView.swift */,
				D487C7432A897B1E00E898D9 /* Utilities.swift */,
				D487C7412A895E3E00E898D9 /* ResumeViewModel.swift */,
				D487C73D2A87390800E898D9 /* Router.swift */,
				D487C73B2A87380C00E898D9 /* ResumeModal.swift */,
				D487C73F2A873A1C00E898D9 /* resume.json */,
				D487C7132A87364800E898D9 /* Assets.xcassets */,
				D487C7152A87364800E898D9 /* Preview Content */,
			);
			path = Resume;
			sourceTree = "<group>";
		};
		D487C7152A87364800E898D9 /* Preview Content */ = {
			isa = PBXGroup;
			children = (
				D487C7162A87364800E898D9 /* Preview Assets.xcassets */,
			);
			path = "Preview Content";
			sourceTree = "<group>";
		};
		D487C71F2A87364800E898D9 /* ResumeTests */ = {
			isa = PBXGroup;
			children = (
				D487C7202A87364800E898D9 /* ResumeTests.swift */,
			);
			path = ResumeTests;
			sourceTree = "<group>";
		};
		D487C7292A87364800E898D9 /* ResumeUITests */ = {
			isa = PBXGroup;
			children = (
				D487C72A2A87364800E898D9 /* ResumeUITests.swift */,
				D487C72C2A87364800E898D9 /* ResumeUITestsLaunchTests.swift */,
			);
			path = ResumeUITests;
			sourceTree = "<group>";
		};
/* End PBXGroup section */

/* Begin PBXNativeTarget section */
		D487C70B2A87364700E898D9 /* Resume */ = {
			isa = PBXNativeTarget;
			buildConfigurationList = D487C7302A87364800E898D9 /* Build configuration list for PBXNativeTarget "Resume" */;
			buildPhases = (
				D487C7082A87364700E898D9 /* Sources */,
				D487C7092A87364700E898D9 /* Frameworks */,
				D487C70A2A87364700E898D9 /* Resources */,
			);
			buildRules = (
			);
			dependencies = (
			);
			name = Resume;
			productName = Resume;
			productReference = D487C70C2A87364700E898D9 /* Resume.app */;
			productType = "com.apple.product-type.application";
		};
		D487C71B2A87364800E898D9 /* ResumeTests */ = {
			isa = PBXNativeTarget;
			buildConfigurationList = D487C7332A87364800E898D9 /* Build configuration list for PBXNativeTarget "ResumeTests" */;
			buildPhases = (
				D487C7182A87364800E898D9 /* Sources */,
				D487C7192A87364800E898D9 /* Frameworks */,
				D487C71A2A87364800E898D9 /* Resources */,
			);
			buildRules = (
			);
			dependencies = (
				D487C71E2A87364800E898D9 /* PBXTargetDependency */,
			);
			name = ResumeTests;
			productName = ResumeTests;
			productReference = D487C71C2A87364800E898D9 /* ResumeTests.xctest */;
			productType = "com.apple.product-type.bundle.unit-test";
		};
		D487C7252A87364800E898D9 /* ResumeUITests */ = {
			isa = PBXNativeTarget;
			buildConfigurationList = D487C7362A87364800E898D9 /* Build configuration list for PBXNativeTarget "ResumeUITests" */;
			buildPhases = (
				D487C7222A87364800E898D9 /* Sources */,
				D487C7232A87364800E898D9 /* Frameworks */,
				D487C7242A87364800E898D9 /* Resources */,
			);
			buildRules = (
			);
			dependencies = (
				D487C7282A87364800E898D9 /* PBXTargetDependency */,
			);
			name = ResumeUITests;
			productName = ResumeUITests;
			productReference = D487C7262A87364800E898D9 /* ResumeUITests.xctest */;
			productType = "com.apple.product-type.bundle.ui-testing";
		};
/* End PBXNativeTarget section */

/* Begin PBXProject section */
		D487C7042A87364700E898D9 /* Project object */ = {
			isa = PBXProject;
			attributes = {
				BuildIndependentTargetsInParallel = 1;
				LastSwiftUpdateCheck = 1430;
				LastUpgradeCheck = 1430;
				TargetAttributes = {
					D487C70B2A87364700E898D9 = {
						CreatedOnToolsVersion = 14.3;
					};
					D487C71B2A87364800E898D9 = {
						CreatedOnToolsVersion = 14.3;
						TestTargetID = D487C70B2A87364700E898D9;
					};
					D487C7252A87364800E898D9 = {
						CreatedOnToolsVersion = 14.3;
						TestTargetID = D487C70B2A87364700E898D9;
					};
				};
			};
			buildConfigurationList = D487C7072A87364700E898D9 /* Build configuration list for PBXProject "Resume" */;
			compatibilityVersion = "Xcode 14.0";
			developmentRegion = en;
			hasScannedForEncodings = 0;
			knownRegions = (
				en,
				Base,
			);
			mainGroup = D487C7032A87364700E898D9;
			productRefGroup = D487C70D2A87364700E898D9 /* Products */;
			projectDirPath = "";
			projectRoot = "";
			targets = (
				D487C70B2A87364700E898D9 /* Resume */,
				D487C71B2A87364800E898D9 /* ResumeTests */,
				D487C7252A87364800E898D9 /* ResumeUITests */,
			);
		};
/* End PBXProject section */

/* Begin PBXResourcesBuildPhase section */
		D487C70A2A87364700E898D9 /* Resources */ = {
			isa = PBXResourcesBuildPhase;
			buildActionMask = 2147483647;
			files = (
				D487C7172A87364800E898D9 /* Preview Assets.xcassets in Resources */,
				D487C7402A873A1C00E898D9 /* resume.json in Resources */,
				D487C7142A87364800E898D9 /* Assets.xcassets in Resources */,
			);
			runOnlyForDeploymentPostprocessing = 0;
		};
		D487C71A2A87364800E898D9 /* Resources */ = {
			isa = PBXResourcesBuildPhase;
			buildActionMask = 2147483647;
			files = (
			);
			runOnlyForDeploymentPostprocessing = 0;
		};
		D487C7242A87364800E898D9 /* Resources */ = {
			isa = PBXResourcesBuildPhase;
			buildActionMask = 2147483647;
			files = (
			);
			runOnlyForDeploymentPostprocessing = 0;
		};
/* End PBXResourcesBuildPhase section */

/* Begin PBXSourcesBuildPhase section */
		D487C7082A87364700E898D9 /* Sources */ = {
			isa = PBXSourcesBuildPhase;
			buildActionMask = 2147483647;
			files = (
				D487C73A2A87372C00E898D9 /* HomeView.swift in Sources */,
				D487C7122A87364700E898D9 /* ContentView.swift in Sources */,
				D487C7442A897B1E00E898D9 /* Utilities.swift in Sources */,
				D487C73E2A87390800E898D9 /* Router.swift in Sources */,
				D487C7422A895E3E00E898D9 /* ResumeViewModel.swift in Sources */,
				D487C73C2A87380C00E898D9 /* ResumeModal.swift in Sources */,
				D487C7102A87364700E898D9 /* ResumeApp.swift in Sources */,
			);
			runOnlyForDeploymentPostprocessing = 0;
		};
		D487C7182A87364800E898D9 /* Sources */ = {
			isa = PBXSourcesBuildPhase;
			buildActionMask = 2147483647;
			files = (
				D487C7212A87364800E898D9 /* ResumeTests.swift in Sources */,
			);
			runOnlyForDeploymentPostprocessing = 0;
		};
		D487C7222A87364800E898D9 /* Sources */ = {
			isa = PBXSourcesBuildPhase;
			buildActionMask = 2147483647;
			files = (
				D487C72B2A87364800E898D9 /* ResumeUITests.swift in Sources */,
				D487C72D2A87364800E898D9 /* ResumeUITestsLaunchTests.swift in Sources */,
			);
			runOnlyForDeploymentPostprocessing = 0;
		};
/* End PBXSourcesBuildPhase section */

/* Begin PBXTargetDependency section */
		D487C71E2A87364800E898D9 /* PBXTargetDependency */ = {
			isa = PBXTargetDependency;
			target = D487C70B2A87364700E898D9 /* Resume */;
			targetProxy = D487C71D2A87364800E898D9 /* PBXContainerItemProxy */;
		};
		D487C7282A87364800E898D9 /* PBXTargetDependency */ = {
			isa = PBXTargetDependency;
			target = D487C70B2A87364700E898D9 /* Resume */;
			targetProxy = D487C7272A87364800E898D9 /* PBXContainerItemProxy */;
		};
/* End PBXTargetDependency section */

/* Begin XCBuildConfiguration section */
		D487C72E2A87364800E898D9 /* Debug */ = {
			isa = XCBuildConfiguration;
			buildSettings = {
				ALWAYS_SEARCH_USER_PATHS = NO;
				CLANG_ANALYZER_NONNULL = YES;
				CLANG_ANALYZER_NUMBER_OBJECT_CONVERSION = YES_AGGRESSIVE;
				CLANG_CXX_LANGUAGE_STANDARD = "gnu++20";
				CLANG_ENABLE_MODULES = YES;
				CLANG_ENABLE_OBJC_ARC = YES;
				CLANG_ENABLE_OBJC_WEAK = YES;
				CLANG_WARN_BLOCK_CAPTURE_AUTORELEASING = YES;
				CLANG_WARN_BOOL_CONVERSION = YES;
				CLANG_WARN_COMMA = YES;
				CLANG_WARN_CONSTANT_CONVERSION = YES;
				CLANG_WARN_DEPRECATED_OBJC_IMPLEMENTATIONS = YES;
				CLANG_WARN_DIRECT_OBJC_ISA_USAGE = YES_ERROR;
				CLANG_WARN_DOCUMENTATION_COMMENTS = YES;
				CLANG_WARN_EMPTY_BODY = YES;
				CLANG_WARN_ENUM_CONVERSION = YES;
				CLANG_WARN_INFINITE_RECURSION = YES;
				CLANG_WARN_INT_CONVERSION = YES;
				CLANG_WARN_NON_LITERAL_NULL_CONVERSION = YES;
				CLANG_WARN_OBJC_IMPLICIT_RETAIN_SELF = YES;
				CLANG_WARN_OBJC_LITERAL_CONVERSION = YES;
				CLANG_WARN_OBJC_ROOT_CLASS = YES_ERROR;
				CLANG_WARN_QUOTED_INCLUDE_IN_FRAMEWORK_HEADER = YES;
				CLANG_WARN_RANGE_LOOP_ANALYSIS = YES;
				CLANG_WARN_STRICT_PROTOTYPES = YES;
				CLANG_WARN_SUSPICIOUS_MOVE = YES;
				CLANG_WARN_UNGUARDED_AVAILABILITY = YES_AGGRESSIVE;
				CLANG_WARN_UNREACHABLE_CODE = YES;
				CLANG_WARN__DUPLICATE_METHOD_MATCH = YES;
				COPY_PHASE_STRIP = NO;
				DEBUG_INFORMATION_FORMAT = dwarf;
				ENABLE_STRICT_OBJC_MSGSEND = YES;
				ENABLE_TESTABILITY = YES;
				GCC_C_LANGUAGE_STANDARD = gnu11;
				GCC_DYNAMIC_NO_PIC = NO;
				GCC_NO_COMMON_BLOCKS = YES;
				GCC_OPTIMIZATION_LEVEL = 0;
				GCC_PREPROCESSOR_DEFINITIONS = (
					"DEBUG=1",
					"$(inherited)",
				);
				GCC_WARN_64_TO_32_BIT_CONVERSION = YES;
				GCC_WARN_ABOUT_RETURN_TYPE = YES_ERROR;
				GCC_WARN_UNDECLARED_SELECTOR = YES;
				GCC_WARN_UNINITIALIZED_AUTOS = YES_AGGRESSIVE;
				GCC_WARN_UNUSED_FUNCTION = YES;
				GCC_WARN_UNUSED_VARIABLE = YES;
				IPHONEOS_DEPLOYMENT_TARGET = 16.4;
				MTL_ENABLE_DEBUG_INFO = INCLUDE_SOURCE;
				MTL_FAST_MATH = YES;
				ONLY_ACTIVE_ARCH = YES;
				SDKROOT = iphoneos;
				SWIFT_ACTIVE_COMPILATION_CONDITIONS = DEBUG;
				SWIFT_OPTIMIZATION_LEVEL = "-Onone";
			};
			name = Debug;
		};
		D487C72F2A87364800E898D9 /* Release */ = {
			isa = XCBuildConfiguration;
			buildSettings = {
				ALWAYS_SEARCH_USER_PATHS = NO;
				CLANG_ANALYZER_NONNULL = YES;
				CLANG_ANALYZER_NUMBER_OBJECT_CONVERSION = YES_AGGRESSIVE;
				CLANG_CXX_LANGUAGE_STANDARD = "gnu++20";
				CLANG_ENABLE_MODULES = YES;
				CLANG_ENABLE_OBJC_ARC = YES;
				CLANG_ENABLE_OBJC_WEAK = YES;
				CLANG_WARN_BLOCK_CAPTURE_AUTORELEASING = YES;
				CLANG_WARN_BOOL_CONVERSION = YES;
				CLANG_WARN_COMMA = YES;
				CLANG_WARN_CONSTANT_CONVERSION = YES;
				CLANG_WARN_DEPRECATED_OBJC_IMPLEMENTATIONS = YES;
				CLANG_WARN_DIRECT_OBJC_ISA_USAGE = YES_ERROR;
				CLANG_WARN_DOCUMENTATION_COMMENTS = YES;
				CLANG_WARN_EMPTY_BODY = YES;
				CLANG_WARN_ENUM_CONVERSION = YES;
				CLANG_WARN_INFINITE_RECURSION = YES;
				CLANG_WARN_INT_CONVERSION = YES;
				CLANG_WARN_NON_LITERAL_NULL_CONVERSION = YES;
				CLANG_WARN_OBJC_IMPLICIT_RETAIN_SELF = YES;
				CLANG_WARN_OBJC_LITERAL_CONVERSION = YES;
				CLANG_WARN_OBJC_ROOT_CLASS = YES_ERROR;
				CLANG_WARN_QUOTED_INCLUDE_IN_FRAMEWORK_HEADER = YES;
				CLANG_WARN_RANGE_LOOP_ANALYSIS = YES;
				CLANG_WARN_STRICT_PROTOTYPES = YES;
				CLANG_WARN_SUSPICIOUS_MOVE = YES;
				CLANG_WARN_UNGUARDED_AVAILABILITY = YES_AGGRESSIVE;
				CLANG_WARN_UNREACHABLE_CODE = YES;
				CLANG_WARN__DUPLICATE_METHOD_MATCH = YES;
				COPY_PHASE_STRIP = NO;
				DEBUG_INFORMATION_FORMAT = "dwarf-with-dsym";
				ENABLE_NS_ASSERTIONS = NO;
				ENABLE_STRICT_OBJC_MSGSEND = YES;
				GCC_C_LANGUAGE_STANDARD = gnu11;
				GCC_NO_COMMON_BLOCKS = YES;
				GCC_WARN_64_TO_32_BIT_CONVERSION = YES;
				GCC_WARN_ABOUT_RETURN_TYPE = YES_ERROR;
				GCC_WARN_UNDECLARED_SELECTOR = YES;
				GCC_WARN_UNINITIALIZED_AUTOS = YES_AGGRESSIVE;
				GCC_WARN_UNUSED_FUNCTION = YES;
				GCC_WARN_UNUSED_VARIABLE = YES;
				IPHONEOS_DEPLOYMENT_TARGET = 16.4;
				MTL_ENABLE_DEBUG_INFO = NO;
				MTL_FAST_MATH = YES;
				SDKROOT = iphoneos;
				SWIFT_COMPILATION_MODE = wholemodule;
				SWIFT_OPTIMIZATION_LEVEL = "-O";
				VALIDATE_PRODUCT = YES;
			};
			name = Release;
		};
		D487C7312A87364800E898D9 /* Debug */ = {
			isa = XCBuildConfiguration;
			buildSettings = {
				ASSETCATALOG_COMPILER_APPICON_NAME = AppIcon;
				ASSETCATALOG_COMPILER_GLOBAL_ACCENT_COLOR_NAME = AccentColor;
				CODE_SIGN_STYLE = Automatic;
				CURRENT_PROJECT_VERSION = 1;
				DEVELOPMENT_ASSET_PATHS = "\"Resume/Preview Content\"";
				DEVELOPMENT_TEAM = NY37U8R2HF;
				ENABLE_PREVIEWS = YES;
				GENERATE_INFOPLIST_FILE = YES;
				INFOPLIST_KEY_UIApplicationSceneManifest_Generation = YES;
				INFOPLIST_KEY_UIApplicationSupportsIndirectInputEvents = YES;
				INFOPLIST_KEY_UILaunchScreen_Generation = YES;
				INFOPLIST_KEY_UISupportedInterfaceOrientations_iPad = "UIInterfaceOrientationPortrait UIInterfaceOrientationPortraitUpsideDown UIInterfaceOrientationLandscapeLeft UIInterfaceOrientationLandscapeRight";
				INFOPLIST_KEY_UISupportedInterfaceOrientations_iPhone = "UIInterfaceOrientationPortrait UIInterfaceOrientationLandscapeLeft UIInterfaceOrientationLandscapeRight";
				LD_RUNPATH_SEARCH_PATHS = (
					"$(inherited)",
					"@executable_path/Frameworks",
				);
				MARKETING_VERSION = 1.0;
				PRODUCT_BUNDLE_IDENTIFIER = com.vibhanshu.Resume;
				PRODUCT_NAME = "$(TARGET_NAME)";
				SWIFT_EMIT_LOC_STRINGS = YES;
				SWIFT_VERSION = 5.0;
				TARGETED_DEVICE_FAMILY = "1,2";
			};
			name = Debug;
		};
		D487C7322A87364800E898D9 /* Release */ = {
			isa = XCBuildConfiguration;
			buildSettings = {
				ASSETCATALOG_COMPILER_APPICON_NAME = AppIcon;
				ASSETCATALOG_COMPILER_GLOBAL_ACCENT_COLOR_NAME = AccentColor;
				CODE_SIGN_STYLE = Automatic;
				CURRENT_PROJECT_VERSION = 1;
				DEVELOPMENT_ASSET_PATHS = "\"Resume/Preview Content\"";
				DEVELOPMENT_TEAM = NY37U8R2HF;
				ENABLE_PREVIEWS = YES;
				GENERATE_INFOPLIST_FILE = YES;
				INFOPLIST_KEY_UIApplicationSceneManifest_Generation = YES;
				INFOPLIST_KEY_UIApplicationSupportsIndirectInputEvents = YES;
				INFOPLIST_KEY_UILaunchScreen_Generation = YES;
				INFOPLIST_KEY_UISupportedInterfaceOrientations_iPad = "UIInterfaceOrientationPortrait UIInterfaceOrientationPortraitUpsideDown UIInterfaceOrientationLandscapeLeft UIInterfaceOrientationLandscapeRight";
				INFOPLIST_KEY_UISupportedInterfaceOrientations_iPhone = "UIInterfaceOrientationPortrait UIInterfaceOrientationLandscapeLeft UIInterfaceOrientationLandscapeRight";
				LD_RUNPATH_SEARCH_PATHS = (
					"$(inherited)",
					"@executable_path/Frameworks",
				);
				MARKETING_VERSION = 1.0;
				PRODUCT_BUNDLE_IDENTIFIER = com.vibhanshu.Resume;
				PRODUCT_NAME = "$(TARGET_NAME)";
				SWIFT_EMIT_LOC_STRINGS = YES;
				SWIFT_VERSION = 5.0;
				TARGETED_DEVICE_FAMILY = "1,2";
			};
			name = Release;
		};
		D487C7342A87364800E898D9 /* Debug */ = {
			isa = XCBuildConfiguration;
			buildSettings = {
				ALWAYS_EMBED_SWIFT_STANDARD_LIBRARIES = YES;
				BUNDLE_LOADER = "$(TEST_HOST)";
				CODE_SIGN_STYLE = Automatic;
				CURRENT_PROJECT_VERSION = 1;
				DEVELOPMENT_TEAM = NY37U8R2HF;
				GENERATE_INFOPLIST_FILE = YES;
				IPHONEOS_DEPLOYMENT_TARGET = 16.4;
				MARKETING_VERSION = 1.0;
				PRODUCT_BUNDLE_IDENTIFIER = com.vibhanshu.ResumeTests;
				PRODUCT_NAME = "$(TARGET_NAME)";
				SWIFT_EMIT_LOC_STRINGS = NO;
				SWIFT_VERSION = 5.0;
				TARGETED_DEVICE_FAMILY = "1,2";
				TEST_HOST = "$(BUILT_PRODUCTS_DIR)/Resume.app/$(BUNDLE_EXECUTABLE_FOLDER_PATH)/Resume";
			};
			name = Debug;
		};
		D487C7352A87364800E898D9 /* Release */ = {
			isa = XCBuildConfiguration;
			buildSettings = {
				ALWAYS_EMBED_SWIFT_STANDARD_LIBRARIES = YES;
				BUNDLE_LOADER = "$(TEST_HOST)";
				CODE_SIGN_STYLE = Automatic;
				CURRENT_PROJECT_VERSION = 1;
				DEVELOPMENT_TEAM = NY37U8R2HF;
				GENERATE_INFOPLIST_FILE = YES;
				IPHONEOS_DEPLOYMENT_TARGET = 16.4;
				MARKETING_VERSION = 1.0;
				PRODUCT_BUNDLE_IDENTIFIER = com.vibhanshu.ResumeTests;
				PRODUCT_NAME = "$(TARGET_NAME)";
				SWIFT_EMIT_LOC_STRINGS = NO;
				SWIFT_VERSION = 5.0;
				TARGETED_DEVICE_FAMILY = "1,2";
				TEST_HOST = "$(BUILT_PRODUCTS_DIR)/Resume.app/$(BUNDLE_EXECUTABLE_FOLDER_PATH)/Resume";
			};
			name = Release;
		};
		D487C7372A87364800E898D9 /* Debug */ = {
			isa = XCBuildConfiguration;
			buildSettings = {
				ALWAYS_EMBED_SWIFT_STANDARD_LIBRARIES = YES;
				CODE_SIGN_STYLE = Automatic;
				CURRENT_PROJECT_VERSION = 1;
				DEVELOPMENT_TEAM = NY37U8R2HF;
				GENERATE_INFOPLIST_FILE = YES;
				MARKETING_VERSION = 1.0;
				PRODUCT_BUNDLE_IDENTIFIER = com.vibhanshu.ResumeUITests;
				PRODUCT_NAME = "$(TARGET_NAME)";
				SWIFT_EMIT_LOC_STRINGS = NO;
				SWIFT_VERSION = 5.0;
				TARGETED_DEVICE_FAMILY = "1,2";
				TEST_TARGET_NAME = Resume;
			};
			name = Debug;
		};
		D487C7382A87364800E898D9 /* Release */ = {
			isa = XCBuildConfiguration;
			buildSettings = {
				ALWAYS_EMBED_SWIFT_STANDARD_LIBRARIES = YES;
				CODE_SIGN_STYLE = Automatic;
				CURRENT_PROJECT_VERSION = 1;
				DEVELOPMENT_TEAM = NY37U8R2HF;
				GENERATE_INFOPLIST_FILE = YES;
				MARKETING_VERSION = 1.0;
				PRODUCT_BUNDLE_IDENTIFIER = com.vibhanshu.ResumeUITests;
				PRODUCT_NAME = "$(TARGET_NAME)";
				SWIFT_EMIT_LOC_STRINGS = NO;
				SWIFT_VERSION = 5.0;
				TARGETED_DEVICE_FAMILY = "1,2";
				TEST_TARGET_NAME = Resume;
			};
			name = Release;
		};
/* End XCBuildConfiguration section */

/* Begin XCConfigurationList section */
		D487C7072A87364700E898D9 /* Build configuration list for PBXProject "Resume" */ = {
			isa = XCConfigurationList;
			buildConfigurations = (
				D487C72E2A87364800E898D9 /* Debug */,
				D487C72F2A87364800E898D9 /* Release */,
			);
			defaultConfigurationIsVisible = 0;
			defaultConfigurationName = Release;
		};
		D487C7302A87364800E898D9 /* Build configuration list for PBXNativeTarget "Resume" */ = {
			isa = XCConfigurationList;
			buildConfigurations = (
				D487C7312A87364800E898D9 /* Debug */,
				D487C7322A87364800E898D9 /* Release */,
			);
			defaultConfigurationIsVisible = 0;
			defaultConfigurationName = Release;
		};
		D487C7332A87364800E898D9 /* Build configuration list for PBXNativeTarget "ResumeTests" */ = {
			isa = XCConfigurationList;
			buildConfigurations = (
				D487C7342A87364800E898D9 /* Debug */,
				D487C7352A87364800E898D9 /* Release */,
			);
			defaultConfigurationIsVisible = 0;
			defaultConfigurationName = Release;
		};
		D487C7362A87364800E898D9 /* Build configuration list for PBXNativeTarget "ResumeUITests" */ = {
			isa = XCConfigurationList;
			buildConfigurations = (
				D487C7372A87364800E898D9 /* Debug */,
				D487C7382A87364800E898D9 /* Release */,
			);
			defaultConfigurationIsVisible = 0;
			defaultConfigurationName = Release;
		};
/* End XCConfigurationList section */
	};
	rootObject = D487C7042A87364700E898D9 /* Project object */;
}
